
Microsoft Visual Studio Solution File, Format Version 12.00
# Visual Studio Version 16
VisualStudioVersion = 16.0.29111.141
MinimumVisualStudioVersion = 10.0.40219.1
Project("{FAE04EC0-301F-11D3-BF4B-00C04F79EFBC}") = "HMT", "HMT\HMT.csproj", "{75F69765-B186-4B81-868A-33F051E4B336}"
EndProject
Project("{FAE04EC0-301F-11D3-BF4B-00C04F79EFBC}") = "HMT.Tests", "HMT.Tests\HMT.Tests.csproj", "{83AF1F27-D97A-4BC5-927F-39AD303A6E7A}"
EndProject
Global
	GlobalSection(SolutionConfigurationPlatforms) = preSolution
		Debug|Any CPU = Debug|Any CPU
		Release|Any CPU = Release|Any CPU
	EndGlobalSection
	GlobalSection(ProjectConfigurationPlatforms) = postSolution
		{75F69765-B186-4B81-868A-33F051E4B336}.Debug|Any CPU.ActiveCfg = Debug|Any CPU
		{75F69765-B186-4B81-868A-33F051E4B336}.Debug|Any CPU.Build.0 = Debug|Any CPU
		{75F69765-B186-4B81-868A-33F051E4B336}.Release|Any CPU.ActiveCfg = Release|Any CPU
		{75F69765-B186-4B81-868A-33F051E4B336}.Release|Any CPU.Build.0 = Release|Any CPU
		{83AF1F27-D97A-4BC5-927F-39AD303A6E7A}.Debug|Any CPU.ActiveCfg = Debug|Any CPU
		{83AF1F27-D97A-4BC5-927F-39AD303A6E7A}.Debug|Any CPU.Build.0 = Debug|Any CPU
		{83AF1F27-D97A-4BC5-927F-39AD303A6E7A}.Release|Any CPU.ActiveCfg = Release|Any CPU
		{83AF1F27-D97A-4BC5-927F-39AD303A6E7A}.Release|Any CPU.Build.0 = Release|Any CPU
	EndGlobalSection
	GlobalSection(SolutionProperties) = preSolution
		HideSolutionNode = FALSE
	EndGlobalSection
	GlobalSection(ExtensibilityGlobals) = postSolution
		SolutionGuid = {3C449FCC-8FC7-4862-9843-2D42771780EC}
	EndGlobalSection
EndGlobal
